
Microsoft Visual Studio Solution File, Format Version 12.00
# Visual Studio Version 17
VisualStudioVersion = 17.0.32112.339
MinimumVisualStudioVersion = 10.0.40219.1
Project("{9A19103F-16F7-4668-BE54-9A1E7A4F7556}") = "NunitTest", "NunitTest\NunitTest.csproj", "{1BC1C483-3228-48E3-A430-FABE9666916C}"
EndProject
Project("{FAE04EC0-301F-11D3-BF4B-00C04F79EFBC}") = "SpecFlowWithApiTests", "SpecFlowWithApiTests\SpecFlowWithApiTests.csproj", "{6BF282B6-6C1A-4132-89D9-9EFBA26E4C23}"
EndProject
Global
	GlobalSection(SolutionConfigurationPlatforms) = preSolution
		Debug|Any CPU = Debug|Any CPU
		Release|Any CPU = Release|Any CPU
	EndGlobalSection
	GlobalSection(ProjectConfigurationPlatforms) = postSolution
		{1BC1C483-3228-48E3-A430-FABE9666916C}.Debug|Any CPU.ActiveCfg = Debug|Any CPU
		{1BC1C483-3228-48E3-A430-FABE9666916C}.Debug|Any CPU.Build.0 = Debug|Any CPU
		{1BC1C483-3228-48E3-A430-FABE9666916C}.Release|Any CPU.ActiveCfg = Release|Any CPU
		{1BC1C483-3228-48E3-A430-FABE9666916C}.Release|Any CPU.Build.0 = Release|Any CPU
		{6BF282B6-6C1A-4132-89D9-9EFBA26E4C23}.Debug|Any CPU.ActiveCfg = Debug|Any CPU
		{6BF282B6-6C1A-4132-89D9-9EFBA26E4C23}.Debug|Any CPU.Build.0 = Debug|Any CPU
		{6BF282B6-6C1A-4132-89D9-9EFBA26E4C23}.Release|Any CPU.ActiveCfg = Release|Any CPU
		{6BF282B6-6C1A-4132-89D9-9EFBA26E4C23}.Release|Any CPU.Build.0 = Release|Any CPU
	EndGlobalSection
	GlobalSection(SolutionProperties) = preSolution
		HideSolutionNode = FALSE
	EndGlobalSection
	GlobalSection(ExtensibilityGlobals) = postSolution
		SolutionGuid = {C478FD1F-98BB-4E66-87E2-9C704E804155}
	EndGlobalSection
EndGlobal
